
Microsoft Visual Studio Solution File, Format Version 12.00
# Visual Studio 14
VisualStudioVersion = 14.0.24720.0
MinimumVisualStudioVersion = 10.0.40219.1
Project("{FAE04EC0-301F-11D3-BF4B-00C04F79EFBC}") = "ExcelRibbonConsole", "ExcelRibbonConsole\ExcelRibbonConsole.csproj", "{003CAFE6-08DF-400B-8587-7EBB7A3FD2A7}"
EndProject
Project("{FAE04EC0-301F-11D3-BF4B-00C04F79EFBC}") = "ExcelRibbonCL", "ExcelRibbon\ExcelRibbonCL.csproj", "{225C889F-EDA1-443E-8745-4ED4F2337A3A}"
EndProject
Project("{FAE04EC0-301F-11D3-BF4B-00C04F79EFBC}") = "ExcelDna.Integration", "ExcelDna.Integration\ExcelDna.Integration.csproj", "{196735BC-5A5C-4A21-9FE4-EC01CB7F3DE9}"
EndProject
Project("{FAE04EC0-301F-11D3-BF4B-00C04F79EFBC}") = "ExcelRibbonWPF", "ExcelRibbonWPF\ExcelRibbonWPF.csproj", "{C055A8E8-06B6-42FC-B18A-5DCFD2D492F0}"
EndProject
Global
	GlobalSection(SolutionConfigurationPlatforms) = preSolution
		Debug|Any CPU = Debug|Any CPU
		Release|Any CPU = Release|Any CPU
	EndGlobalSection
	GlobalSection(ProjectConfigurationPlatforms) = postSolution
		{003CAFE6-08DF-400B-8587-7EBB7A3FD2A7}.Debug|Any CPU.ActiveCfg = Debug|Any CPU
		{003CAFE6-08DF-400B-8587-7EBB7A3FD2A7}.Debug|Any CPU.Build.0 = Debug|Any CPU
		{003CAFE6-08DF-400B-8587-7EBB7A3FD2A7}.Release|Any CPU.ActiveCfg = Release|Any CPU
		{003CAFE6-08DF-400B-8587-7EBB7A3FD2A7}.Release|Any CPU.Build.0 = Release|Any CPU
		{225C889F-EDA1-443E-8745-4ED4F2337A3A}.Debug|Any CPU.ActiveCfg = Debug|Any CPU
		{225C889F-EDA1-443E-8745-4ED4F2337A3A}.Debug|Any CPU.Build.0 = Debug|Any CPU
		{225C889F-EDA1-443E-8745-4ED4F2337A3A}.Release|Any CPU.ActiveCfg = Release|Any CPU
		{225C889F-EDA1-443E-8745-4ED4F2337A3A}.Release|Any CPU.Build.0 = Release|Any CPU
		{196735BC-5A5C-4A21-9FE4-EC01CB7F3DE9}.Debug|Any CPU.ActiveCfg = Debug|Any CPU
		{196735BC-5A5C-4A21-9FE4-EC01CB7F3DE9}.Debug|Any CPU.Build.0 = Debug|Any CPU
		{196735BC-5A5C-4A21-9FE4-EC01CB7F3DE9}.Release|Any CPU.ActiveCfg = Release|Any CPU
		{196735BC-5A5C-4A21-9FE4-EC01CB7F3DE9}.Release|Any CPU.Build.0 = Release|Any CPU
		{C055A8E8-06B6-42FC-B18A-5DCFD2D492F0}.Debug|Any CPU.ActiveCfg = Debug|Any CPU
		{C055A8E8-06B6-42FC-B18A-5DCFD2D492F0}.Debug|Any CPU.Build.0 = Debug|Any CPU
		{C055A8E8-06B6-42FC-B18A-5DCFD2D492F0}.Release|Any CPU.ActiveCfg = Release|Any CPU
		{C055A8E8-06B6-42FC-B18A-5DCFD2D492F0}.Release|Any CPU.Build.0 = Release|Any CPU
	EndGlobalSection
	GlobalSection(SolutionProperties) = preSolution
		HideSolutionNode = FALSE
	EndGlobalSection
EndGlobal
